{
  "nodes": {
    "darwin": {
      "inputs": {
        "nixpkgs": [
          "nixpkgs-unstable"
        ]
      },
      "locked": {
        "lastModified": 1697723594,
        "narHash": "sha256-W7lTC+kHGS1YCOutGpxUHF0cK66iY/GYr3INaTyVa/I=",
        "owner": "lnl7",
        "repo": "nix-darwin",
        "rev": "19f75c2b45fbfc307ecfeb9dadc41a4c1e4fb980",
        "type": "github"
      },
      "original": {
        "owner": "lnl7",
        "ref": "master",
        "repo": "nix-darwin",
        "type": "github"
      }
    },
    "home-manager": {
      "inputs": {
        "nixpkgs": [
          "nixpkgs-unstable"
        ]
      },
      "locked": {
        "lastModified": 1698250431,
        "narHash": "sha256-qs2gTeH4wpnWPO6Oi6sOhp2IhG0i0DzcnrJxIY3/CP8=",
        "owner": "nix-community",
        "repo": "home-manager",
        "rev": "09587fbbc6a669f7725613e044c2577dc5d43ab5",
        "type": "github"
      },
      "original": {
        "owner": "nix-community",
        "repo": "home-manager",
        "type": "github"
      }
    },
    "nixpkgs": {
      "locked": {
        "lastModified": 1698241087,
        "narHash": "sha256-UNZddguvSBOGxY1ta91YvFogJ65B/cbLNhKBXsN9rOo=",
        "owner": "nixos",
        "repo": "nixpkgs",
        "rev": "39506d70cbdcf23b4d91f99a3a44f11ea113a9e7",
        "type": "github"
      },
      "original": {
        "owner": "nixos",
        "ref": "nixpkgs-23.05-darwin",
        "repo": "nixpkgs",
        "type": "github"
      }
    },
    "nixpkgs-unstable": {
      "locked": {
        "lastModified": 1698266953,
        "narHash": "sha256-jf72t7pC8+8h8fUslUYbWTX5rKsRwOzRMX8jJsGqDXA=",
        "owner": "NixOS",
        "repo": "nixpkgs",
        "rev": "75a52265bda7fd25e06e3a67dee3f0354e73243c",
        "type": "github"
      },
      "original": {
        "owner": "NixOS",
        "ref": "nixpkgs-unstable",
        "repo": "nixpkgs",
        "type": "github"
      }
    },
    "root": {
      "inputs": {
        "darwin": "darwin",
        "home-manager": "home-manager",
        "nixpkgs": "nixpkgs",
        "nixpkgs-unstable": "nixpkgs-unstable"
      }
    }
  },
  "root": "root",
  "version": 7
}
